
Microsoft Visual Studio Solution File, Format Version 12.00
# Visual Studio Version 17
VisualStudioVersion = 17.7.34221.43
MinimumVisualStudioVersion = 10.0.40219.1
Project("{FAE04EC0-301F-11D3-BF4B-00C04F79EFBC}") = "UWPNoXaml", "UWPNoXaml.csproj", "{234B18E2-1D87-4FAF-9B56-9527E9989F51}"
EndProject
Global
	GlobalSection(SolutionConfigurationPlatforms) = preSolution
		Debug|ARM = Debug|ARM
		Debug|ARM64 = Debug|ARM64
		Debug|x64 = Debug|x64
		Debug|x86 = Debug|x86
		Release|ARM = Release|ARM
		Release|ARM64 = Release|ARM64
		Release|x64 = Release|x64
		Release|x86 = Release|x86
	EndGlobalSection
	GlobalSection(ProjectConfigurationPlatforms) = postSolution
		{234B18E2-1D87-4FAF-9B56-9527E9989F51}.Debug|ARM.ActiveCfg = Debug|ARM
		{234B18E2-1D87-4FAF-9B56-9527E9989F51}.Debug|ARM.Build.0 = Debug|ARM
		{234B18E2-1D87-4FAF-9B56-9527E9989F51}.Debug|ARM.Deploy.0 = Debug|ARM
		{234B18E2-1D87-4FAF-9B56-9527E9989F51}.Debug|ARM64.ActiveCfg = Debug|ARM64
		{234B18E2-1D87-4FAF-9B56-9527E9989F51}.Debug|ARM64.Build.0 = Debug|ARM64
		{234B18E2-1D87-4FAF-9B56-9527E9989F51}.Debug|ARM64.Deploy.0 = Debug|ARM64
		{234B18E2-1D87-4FAF-9B56-9527E9989F51}.Debug|x64.ActiveCfg = Debug|x64
		{234B18E2-1D87-4FAF-9B56-9527E9989F51}.Debug|x64.Build.0 = Debug|x64
		{234B18E2-1D87-4FAF-9B56-9527E9989F51}.Debug|x64.Deploy.0 = Debug|x64
		{234B18E2-1D87-4FAF-9B56-9527E9989F51}.Debug|x86.ActiveCfg = Debug|x86
		{234B18E2-1D87-4FAF-9B56-9527E9989F51}.Debug|x86.Build.0 = Debug|x86
		{234B18E2-1D87-4FAF-9B56-9527E9989F51}.Debug|x86.Deploy.0 = Debug|x86
		{234B18E2-1D87-4FAF-9B56-9527E9989F51}.Release|ARM.ActiveCfg = Release|ARM
		{234B18E2-1D87-4FAF-9B56-9527E9989F51}.Release|ARM.Build.0 = Release|ARM
		{234B18E2-1D87-4FAF-9B56-9527E9989F51}.Release|ARM.Deploy.0 = Release|ARM
		{234B18E2-1D87-4FAF-9B56-9527E9989F51}.Release|ARM64.ActiveCfg = Release|ARM64
		{234B18E2-1D87-4FAF-9B56-9527E9989F51}.Release|ARM64.Build.0 = Release|ARM64
		{234B18E2-1D87-4FAF-9B56-9527E9989F51}.Release|ARM64.Deploy.0 = Release|ARM64
		{234B18E2-1D87-4FAF-9B56-9527E9989F51}.Release|x64.ActiveCfg = Release|x64
		{234B18E2-1D87-4FAF-9B56-9527E9989F51}.Release|x64.Build.0 = Release|x64
		{234B18E2-1D87-4FAF-9B56-9527E9989F51}.Release|x64.Deploy.0 = Release|x64
		{234B18E2-1D87-4FAF-9B56-9527E9989F51}.Release|x86.ActiveCfg = Release|x86
		{234B18E2-1D87-4FAF-9B56-9527E9989F51}.Release|x86.Build.0 = Release|x86
		{234B18E2-1D87-4FAF-9B56-9527E9989F51}.Release|x86.Deploy.0 = Release|x86
	EndGlobalSection
	GlobalSection(SolutionProperties) = preSolution
		HideSolutionNode = FALSE
	EndGlobalSection
	GlobalSection(ExtensibilityGlobals) = postSolution
		SolutionGuid = {19CD552F-BE66-49DD-BDA4-AA142A1C5B09}
	EndGlobalSection
EndGlobal
